Microsoft Visual Studio Solution File, Format Version 12.00
# Visual Studio Version 17
VisualStudioVersion = 17.5.2.0
MinimumVisualStudioVersion = 10.0.40219.1
Project("{2150E333-8FDC-42A3-9474-1A3956D46DE8}") = "lesson_11", "lesson_11", "{5F852503-48E2-5960-B101-5FBEDA5BD6FC}"
EndProject
Project("{2150E333-8FDC-42A3-9474-1A3956D46DE8}") = "prep", "prep", "{14D00588-CE41-B66A-9502-FEAAF1DE3723}"
EndProject
Project("{FAE04EC0-301F-11D3-BF4B-00C04F79EFBC}") = "asyncExample", "lesson_11\prep\asyncExample\asyncExample.csproj", "{B5F6AF3D-484A-8835-40C5-9A28AD6AA050}"
EndProject
Project("{FAE04EC0-301F-11D3-BF4B-00C04F79EFBC}") = "AtomicExample", "lesson_11\prep\AtomicExample\AtomicExample.csproj", "{DDBC99FD-7EE0-0277-A612-58F1849EE8E4}"
EndProject
Project("{FAE04EC0-301F-11D3-BF4B-00C04F79EFBC}") = "ConcurrentBagExample", "lesson_11\prep\ConcurrentBagExample\ConcurrentBagExample.csproj", "{6936D87D-C61D-92BC-151A-AA2E59BE5B1D}"
EndProject
Project("{FAE04EC0-301F-11D3-BF4B-00C04F79EFBC}") = "ConcurrentBlockingExample", "lesson_11\prep\ConcurrentBlockingExample\ConcurrentBlockingExample.csproj", "{B03D0011-26F0-9599-6EF5-E0AD59B85068}"
EndProject
Project("{FAE04EC0-301F-11D3-BF4B-00C04F79EFBC}") = "ConcurrentDictionaryExample", "lesson_11\prep\ConcurrentDictionaryExample\ConcurrentDictionaryExample.csproj", "{D0F3684D-46C2-668B-F450-871F7FAC4D5E}"
EndProject
Project("{FAE04EC0-301F-11D3-BF4B-00C04F79EFBC}") = "concurrentQueueExample", "lesson_11\prep\concurrentQueueExample\concurrentQueueExample.csproj", "{1035680F-C4BA-D25D-0223-2285DB81048D}"
EndProject
Project("{FAE04EC0-301F-11D3-BF4B-00C04F79EFBC}") = "ConcurrentStackExample", "lesson_11\prep\ConcurrentStackExample\ConcurrentStackExample.csproj", "{D6070E6D-2D56-B9BB-C118-806FB01BBAEE}"
EndProject
Project("{FAE04EC0-301F-11D3-BF4B-00C04F79EFBC}") = "EventExample", "lesson_11\prep\EventExample\EventExample.csproj", "{A3810693-EEAC-7B96-B60A-EB25D1A0EE5C}"
EndProject
Project("{FAE04EC0-301F-11D3-BF4B-00C04F79EFBC}") = "LockExample", "lesson_11\prep\LockExample\LockExample.csproj", "{8240D462-774D-9C1B-587C-F73BCB1F2583}"
EndProject
Project("{FAE04EC0-301F-11D3-BF4B-00C04F79EFBC}") = "MonitorExample", "lesson_11\prep\MonitorExample\MonitorExample.csproj", "{1C328C40-C4DA-3891-9E5F-3EF48EA6505D}"
EndProject
Project("{FAE04EC0-301F-11D3-BF4B-00C04F79EFBC}") = "MutexExample", "lesson_11\prep\MutexExample\MutexExample.csproj", "{647E9502-5EFF-956E-4387-7CCF94FD3DE9}"
EndProject
Project("{FAE04EC0-301F-11D3-BF4B-00C04F79EFBC}") = "noLockExample", "lesson_11\prep\noLockExample\noLockExample.csproj", "{E2F2DB65-CBDD-E0EE-8558-F68A35BFBC74}"
EndProject
Project("{FAE04EC0-301F-11D3-BF4B-00C04F79EFBC}") = "ReaderWriterLockExample", "lesson_11\prep\ReaderWriterLockExample\ReaderWriterLockExample.csproj", "{DE841EEF-527C-31A9-E76E-DBFAD0E81EB4}"
EndProject
Project("{FAE04EC0-301F-11D3-BF4B-00C04F79EFBC}") = "SemaphoreExample", "lesson_11\prep\SemaphoreExample\SemaphoreExample.csproj", "{19FDD4F5-F912-9F95-6AF3-25F7AA79B45E}"
EndProject
Project("{FAE04EC0-301F-11D3-BF4B-00C04F79EFBC}") = "TasksExample1", "lesson_11\prep\TasksExample1\TasksExample1.csproj", "{FFC7AF43-A3C4-5225-5B65-B326CE14BC91}"
EndProject
Project("{FAE04EC0-301F-11D3-BF4B-00C04F79EFBC}") = "TasksExample2", "lesson_11\prep\TasksExample2\TasksExample2.csproj", "{14AFA4B6-F6FE-C189-9B2F-031F993D37EF}"
EndProject
Project("{FAE04EC0-301F-11D3-BF4B-00C04F79EFBC}") = "TasksExample3", "lesson_11\prep\TasksExample3\TasksExample3.csproj", "{0C19F841-01A9-E8DB-C907-9597EDBB7521}"
EndProject
Project("{FAE04EC0-301F-11D3-BF4B-00C04F79EFBC}") = "TasksExample4", "lesson_11\prep\TasksExample4\TasksExample4.csproj", "{9745F3EF-44CF-A547-6284-C40FFAB7B9FC}"
EndProject
Project("{FAE04EC0-301F-11D3-BF4B-00C04F79EFBC}") = "ThreadExample1", "lesson_11\prep\ThreadExample1\ThreadExample1.csproj", "{1687CDA6-E1AD-97C1-0CDF-526A9B0917A0}"
EndProject
Project("{FAE04EC0-301F-11D3-BF4B-00C04F79EFBC}") = "ThreadExample2", "lesson_11\prep\ThreadExample2\ThreadExample2.csproj", "{7056EA5E-A2F0-812B-AFB6-81A91D0271D1}"
EndProject
Project("{FAE04EC0-301F-11D3-BF4B-00C04F79EFBC}") = "ThreadExample3", "lesson_11\prep\ThreadExample3\ThreadExample3.csproj", "{B16A376C-F292-1C3F-62EF-E55C1A217392}"
EndProject
Project("{FAE04EC0-301F-11D3-BF4B-00C04F79EFBC}") = "ThreadExample4", "lesson_11\prep\ThreadExample4\ThreadExample4.csproj", "{77B932F8-DC71-AEC3-3386-7E878751C70B}"
EndProject
Project("{FAE04EC0-301F-11D3-BF4B-00C04F79EFBC}") = "ThreadPoolExample1", "lesson_11\prep\ThreadPoolExample1\ThreadPoolExample1.csproj", "{CF88F32E-DF6B-AB0F-DE72-2D1681877AB7}"
EndProject
Project("{2150E333-8FDC-42A3-9474-1A3956D46DE8}") = "prove", "prove", "{3F3D2DA1-09AB-E6B4-5389-3DEACA6047D1}"
EndProject
Project("{FAE04EC0-301F-11D3-BF4B-00C04F79EFBC}") = "Assignment11", "lesson_11\prove\Assignment11\Assignment11.csproj", "{C189D392-1AC3-2FA9-F2C2-7EA8059F686A}"
EndProject
Global
	GlobalSection(SolutionConfigurationPlatforms) = preSolution
		Debug|Any CPU = Debug|Any CPU
		Release|Any CPU = Release|Any CPU
	EndGlobalSection
	GlobalSection(ProjectConfigurationPlatforms) = postSolution
		{B5F6AF3D-484A-8835-40C5-9A28AD6AA050}.Debug|Any CPU.ActiveCfg = Debug|Any CPU
		{B5F6AF3D-484A-8835-40C5-9A28AD6AA050}.Debug|Any CPU.Build.0 = Debug|Any CPU
		{B5F6AF3D-484A-8835-40C5-9A28AD6AA050}.Release|Any CPU.ActiveCfg = Release|Any CPU
		{B5F6AF3D-484A-8835-40C5-9A28AD6AA050}.Release|Any CPU.Build.0 = Release|Any CPU
		{DDBC99FD-7EE0-0277-A612-58F1849EE8E4}.Debug|Any CPU.ActiveCfg = Debug|Any CPU
		{DDBC99FD-7EE0-0277-A612-58F1849EE8E4}.Debug|Any CPU.Build.0 = Debug|Any CPU
		{DDBC99FD-7EE0-0277-A612-58F1849EE8E4}.Release|Any CPU.ActiveCfg = Release|Any CPU
		{DDBC99FD-7EE0-0277-A612-58F1849EE8E4}.Release|Any CPU.Build.0 = Release|Any CPU
		{6936D87D-C61D-92BC-151A-AA2E59BE5B1D}.Debug|Any CPU.ActiveCfg = Debug|Any CPU
		{6936D87D-C61D-92BC-151A-AA2E59BE5B1D}.Debug|Any CPU.Build.0 = Debug|Any CPU
		{6936D87D-C61D-92BC-151A-AA2E59BE5B1D}.Release|Any CPU.ActiveCfg = Release|Any CPU
		{6936D87D-C61D-92BC-151A-AA2E59BE5B1D}.Release|Any CPU.Build.0 = Release|Any CPU
		{B03D0011-26F0-9599-6EF5-E0AD59B85068}.Debug|Any CPU.ActiveCfg = Debug|Any CPU
		{B03D0011-26F0-9599-6EF5-E0AD59B85068}.Debug|Any CPU.Build.0 = Debug|Any CPU
		{B03D0011-26F0-9599-6EF5-E0AD59B85068}.Release|Any CPU.ActiveCfg = Release|Any CPU
		{B03D0011-26F0-9599-6EF5-E0AD59B85068}.Release|Any CPU.Build.0 = Release|Any CPU
		{D0F3684D-46C2-668B-F450-871F7FAC4D5E}.Debug|Any CPU.ActiveCfg = Debug|Any CPU
		{D0F3684D-46C2-668B-F450-871F7FAC4D5E}.Debug|Any CPU.Build.0 = Debug|Any CPU
		{D0F3684D-46C2-668B-F450-871F7FAC4D5E}.Release|Any CPU.ActiveCfg = Release|Any CPU
		{D0F3684D-46C2-668B-F450-871F7FAC4D5E}.Release|Any CPU.Build.0 = Release|Any CPU
		{1035680F-C4BA-D25D-0223-2285DB81048D}.Debug|Any CPU.ActiveCfg = Debug|Any CPU
		{1035680F-C4BA-D25D-0223-2285DB81048D}.Debug|Any CPU.Build.0 = Debug|Any CPU
		{1035680F-C4BA-D25D-0223-2285DB81048D}.Release|Any CPU.ActiveCfg = Release|Any CPU
		{1035680F-C4BA-D25D-0223-2285DB81048D}.Release|Any CPU.Build.0 = Release|Any CPU
		{D6070E6D-2D56-B9BB-C118-806FB01BBAEE}.Debug|Any CPU.ActiveCfg = Debug|Any CPU
		{D6070E6D-2D56-B9BB-C118-806FB01BBAEE}.Debug|Any CPU.Build.0 = Debug|Any CPU
		{D6070E6D-2D56-B9BB-C118-806FB01BBAEE}.Release|Any CPU.ActiveCfg = Release|Any CPU
		{D6070E6D-2D56-B9BB-C118-806FB01BBAEE}.Release|Any CPU.Build.0 = Release|Any CPU
		{A3810693-EEAC-7B96-B60A-EB25D1A0EE5C}.Debug|Any CPU.ActiveCfg = Debug|Any CPU
		{A3810693-EEAC-7B96-B60A-EB25D1A0EE5C}.Debug|Any CPU.Build.0 = Debug|Any CPU
		{A3810693-EEAC-7B96-B60A-EB25D1A0EE5C}.Release|Any CPU.ActiveCfg = Release|Any CPU
		{A3810693-EEAC-7B96-B60A-EB25D1A0EE5C}.Release|Any CPU.Build.0 = Release|Any CPU
		{8240D462-774D-9C1B-587C-F73BCB1F2583}.Debug|Any CPU.ActiveCfg = Debug|Any CPU
		{8240D462-774D-9C1B-587C-F73BCB1F2583}.Debug|Any CPU.Build.0 = Debug|Any CPU
		{8240D462-774D-9C1B-587C-F73BCB1F2583}.Release|Any CPU.ActiveCfg = Release|Any CPU
		{8240D462-774D-9C1B-587C-F73BCB1F2583}.Release|Any CPU.Build.0 = Release|Any CPU
		{1C328C40-C4DA-3891-9E5F-3EF48EA6505D}.Debug|Any CPU.ActiveCfg = Debug|Any CPU
		{1C328C40-C4DA-3891-9E5F-3EF48EA6505D}.Debug|Any CPU.Build.0 = Debug|Any CPU
		{1C328C40-C4DA-3891-9E5F-3EF48EA6505D}.Release|Any CPU.ActiveCfg = Release|Any CPU
		{1C328C40-C4DA-3891-9E5F-3EF48EA6505D}.Release|Any CPU.Build.0 = Release|Any CPU
		{647E9502-5EFF-956E-4387-7CCF94FD3DE9}.Debug|Any CPU.ActiveCfg = Debug|Any CPU
		{647E9502-5EFF-956E-4387-7CCF94FD3DE9}.Debug|Any CPU.Build.0 = Debug|Any CPU
		{647E9502-5EFF-956E-4387-7CCF94FD3DE9}.Release|Any CPU.ActiveCfg = Release|Any CPU
		{647E9502-5EFF-956E-4387-7CCF94FD3DE9}.Release|Any CPU.Build.0 = Release|Any CPU
		{E2F2DB65-CBDD-E0EE-8558-F68A35BFBC74}.Debug|Any CPU.ActiveCfg = Debug|Any CPU
		{E2F2DB65-CBDD-E0EE-8558-F68A35BFBC74}.Debug|Any CPU.Build.0 = Debug|Any CPU
		{E2F2DB65-CBDD-E0EE-8558-F68A35BFBC74}.Release|Any CPU.ActiveCfg = Release|Any CPU
		{E2F2DB65-CBDD-E0EE-8558-F68A35BFBC74}.Release|Any CPU.Build.0 = Release|Any CPU
		{DE841EEF-527C-31A9-E76E-DBFAD0E81EB4}.Debug|Any CPU.ActiveCfg = Debug|Any CPU
		{DE841EEF-527C-31A9-E76E-DBFAD0E81EB4}.Debug|Any CPU.Build.0 = Debug|Any CPU
		{DE841EEF-527C-31A9-E76E-DBFAD0E81EB4}.Release|Any CPU.ActiveCfg = Release|Any CPU
		{DE841EEF-527C-31A9-E76E-DBFAD0E81EB4}.Release|Any CPU.Build.0 = Release|Any CPU
		{19FDD4F5-F912-9F95-6AF3-25F7AA79B45E}.Debug|Any CPU.ActiveCfg = Debug|Any CPU
		{19FDD4F5-F912-9F95-6AF3-25F7AA79B45E}.Debug|Any CPU.Build.0 = Debug|Any CPU
		{19FDD4F5-F912-9F95-6AF3-25F7AA79B45E}.Release|Any CPU.ActiveCfg = Release|Any CPU
		{19FDD4F5-F912-9F95-6AF3-25F7AA79B45E}.Release|Any CPU.Build.0 = Release|Any CPU
		{FFC7AF43-A3C4-5225-5B65-B326CE14BC91}.Debug|Any CPU.ActiveCfg = Debug|Any CPU
		{FFC7AF43-A3C4-5225-5B65-B326CE14BC91}.Debug|Any CPU.Build.0 = Debug|Any CPU
		{FFC7AF43-A3C4-5225-5B65-B326CE14BC91}.Release|Any CPU.ActiveCfg = Release|Any CPU
		{FFC7AF43-A3C4-5225-5B65-B326CE14BC91}.Release|Any CPU.Build.0 = Release|Any CPU
		{14AFA4B6-F6FE-C189-9B2F-031F993D37EF}.Debug|Any CPU.ActiveCfg = Debug|Any CPU
		{14AFA4B6-F6FE-C189-9B2F-031F993D37EF}.Debug|Any CPU.Build.0 = Debug|Any CPU
		{14AFA4B6-F6FE-C189-9B2F-031F993D37EF}.Release|Any CPU.ActiveCfg = Release|Any CPU
		{14AFA4B6-F6FE-C189-9B2F-031F993D37EF}.Release|Any CPU.Build.0 = Release|Any CPU
		{0C19F841-01A9-E8DB-C907-9597EDBB7521}.Debug|Any CPU.ActiveCfg = Debug|Any CPU
		{0C19F841-01A9-E8DB-C907-9597EDBB7521}.Debug|Any CPU.Build.0 = Debug|Any CPU
		{0C19F841-01A9-E8DB-C907-9597EDBB7521}.Release|Any CPU.ActiveCfg = Release|Any CPU
		{0C19F841-01A9-E8DB-C907-9597EDBB7521}.Release|Any CPU.Build.0 = Release|Any CPU
		{9745F3EF-44CF-A547-6284-C40FFAB7B9FC}.Debug|Any CPU.ActiveCfg = Debug|Any CPU
		{9745F3EF-44CF-A547-6284-C40FFAB7B9FC}.Debug|Any CPU.Build.0 = Debug|Any CPU
		{9745F3EF-44CF-A547-6284-C40FFAB7B9FC}.Release|Any CPU.ActiveCfg = Release|Any CPU
		{9745F3EF-44CF-A547-6284-C40FFAB7B9FC}.Release|Any CPU.Build.0 = Release|Any CPU
		{1687CDA6-E1AD-97C1-0CDF-526A9B0917A0}.Debug|Any CPU.ActiveCfg = Debug|Any CPU
		{1687CDA6-E1AD-97C1-0CDF-526A9B0917A0}.Debug|Any CPU.Build.0 = Debug|Any CPU
		{1687CDA6-E1AD-97C1-0CDF-526A9B0917A0}.Release|Any CPU.ActiveCfg = Release|Any CPU
		{1687CDA6-E1AD-97C1-0CDF-526A9B0917A0}.Release|Any CPU.Build.0 = Release|Any CPU
		{7056EA5E-A2F0-812B-AFB6-81A91D0271D1}.Debug|Any CPU.ActiveCfg = Debug|Any CPU
		{7056EA5E-A2F0-812B-AFB6-81A91D0271D1}.Debug|Any CPU.Build.0 = Debug|Any CPU
		{7056EA5E-A2F0-812B-AFB6-81A91D0271D1}.Release|Any CPU.ActiveCfg = Release|Any CPU
		{7056EA5E-A2F0-812B-AFB6-81A91D0271D1}.Release|Any CPU.Build.0 = Release|Any CPU
		{B16A376C-F292-1C3F-62EF-E55C1A217392}.Debug|Any CPU.ActiveCfg = Debug|Any CPU
		{B16A376C-F292-1C3F-62EF-E55C1A217392}.Debug|Any CPU.Build.0 = Debug|Any CPU
		{B16A376C-F292-1C3F-62EF-E55C1A217392}.Release|Any CPU.ActiveCfg = Release|Any CPU
		{B16A376C-F292-1C3F-62EF-E55C1A217392}.Release|Any CPU.Build.0 = Release|Any CPU
		{77B932F8-DC71-AEC3-3386-7E878751C70B}.Debug|Any CPU.ActiveCfg = Debug|Any CPU
		{77B932F8-DC71-AEC3-3386-7E878751C70B}.Debug|Any CPU.Build.0 = Debug|Any CPU
		{77B932F8-DC71-AEC3-3386-7E878751C70B}.Release|Any CPU.ActiveCfg = Release|Any CPU
		{77B932F8-DC71-AEC3-3386-7E878751C70B}.Release|Any CPU.Build.0 = Release|Any CPU
		{CF88F32E-DF6B-AB0F-DE72-2D1681877AB7}.Debug|Any CPU.ActiveCfg = Debug|Any CPU
		{CF88F32E-DF6B-AB0F-DE72-2D1681877AB7}.Debug|Any CPU.Build.0 = Debug|Any CPU
		{CF88F32E-DF6B-AB0F-DE72-2D1681877AB7}.Release|Any CPU.ActiveCfg = Release|Any CPU
		{CF88F32E-DF6B-AB0F-DE72-2D1681877AB7}.Release|Any CPU.Build.0 = Release|Any CPU
		{C189D392-1AC3-2FA9-F2C2-7EA8059F686A}.Debug|Any CPU.ActiveCfg = Debug|Any CPU
		{C189D392-1AC3-2FA9-F2C2-7EA8059F686A}.Debug|Any CPU.Build.0 = Debug|Any CPU
		{C189D392-1AC3-2FA9-F2C2-7EA8059F686A}.Release|Any CPU.ActiveCfg = Release|Any CPU
		{C189D392-1AC3-2FA9-F2C2-7EA8059F686A}.Release|Any CPU.Build.0 = Release|Any CPU
	EndGlobalSection
	GlobalSection(SolutionProperties) = preSolution
		HideSolutionNode = FALSE
	EndGlobalSection
	GlobalSection(NestedProjects) = preSolution
		{14D00588-CE41-B66A-9502-FEAAF1DE3723} = {5F852503-48E2-5960-B101-5FBEDA5BD6FC}
		{B5F6AF3D-484A-8835-40C5-9A28AD6AA050} = {14D00588-CE41-B66A-9502-FEAAF1DE3723}
		{DDBC99FD-7EE0-0277-A612-58F1849EE8E4} = {14D00588-CE41-B66A-9502-FEAAF1DE3723}
		{6936D87D-C61D-92BC-151A-AA2E59BE5B1D} = {14D00588-CE41-B66A-9502-FEAAF1DE3723}
		{B03D0011-26F0-9599-6EF5-E0AD59B85068} = {14D00588-CE41-B66A-9502-FEAAF1DE3723}
		{D0F3684D-46C2-668B-F450-871F7FAC4D5E} = {14D00588-CE41-B66A-9502-FEAAF1DE3723}
		{1035680F-C4BA-D25D-0223-2285DB81048D} = {14D00588-CE41-B66A-9502-FEAAF1DE3723}
		{D6070E6D-2D56-B9BB-C118-806FB01BBAEE} = {14D00588-CE41-B66A-9502-FEAAF1DE3723}
		{A3810693-EEAC-7B96-B60A-EB25D1A0EE5C} = {14D00588-CE41-B66A-9502-FEAAF1DE3723}
		{8240D462-774D-9C1B-587C-F73BCB1F2583} = {14D00588-CE41-B66A-9502-FEAAF1DE3723}
		{1C328C40-C4DA-3891-9E5F-3EF48EA6505D} = {14D00588-CE41-B66A-9502-FEAAF1DE3723}
		{647E9502-5EFF-956E-4387-7CCF94FD3DE9} = {14D00588-CE41-B66A-9502-FEAAF1DE3723}
		{E2F2DB65-CBDD-E0EE-8558-F68A35BFBC74} = {14D00588-CE41-B66A-9502-FEAAF1DE3723}
		{DE841EEF-527C-31A9-E76E-DBFAD0E81EB4} = {14D00588-CE41-B66A-9502-FEAAF1DE3723}
		{19FDD4F5-F912-9F95-6AF3-25F7AA79B45E} = {14D00588-CE41-B66A-9502-FEAAF1DE3723}
		{FFC7AF43-A3C4-5225-5B65-B326CE14BC91} = {14D00588-CE41-B66A-9502-FEAAF1DE3723}
		{14AFA4B6-F6FE-C189-9B2F-031F993D37EF} = {14D00588-CE41-B66A-9502-FEAAF1DE3723}
		{0C19F841-01A9-E8DB-C907-9597EDBB7521} = {14D00588-CE41-B66A-9502-FEAAF1DE3723}
		{9745F3EF-44CF-A547-6284-C40FFAB7B9FC} = {14D00588-CE41-B66A-9502-FEAAF1DE3723}
		{1687CDA6-E1AD-97C1-0CDF-526A9B0917A0} = {14D00588-CE41-B66A-9502-FEAAF1DE3723}
		{7056EA5E-A2F0-812B-AFB6-81A91D0271D1} = {14D00588-CE41-B66A-9502-FEAAF1DE3723}
		{B16A376C-F292-1C3F-62EF-E55C1A217392} = {14D00588-CE41-B66A-9502-FEAAF1DE3723}
		{77B932F8-DC71-AEC3-3386-7E878751C70B} = {14D00588-CE41-B66A-9502-FEAAF1DE3723}
		{CF88F32E-DF6B-AB0F-DE72-2D1681877AB7} = {14D00588-CE41-B66A-9502-FEAAF1DE3723}
		{3F3D2DA1-09AB-E6B4-5389-3DEACA6047D1} = {5F852503-48E2-5960-B101-5FBEDA5BD6FC}
		{C189D392-1AC3-2FA9-F2C2-7EA8059F686A} = {3F3D2DA1-09AB-E6B4-5389-3DEACA6047D1}
	EndGlobalSection
	GlobalSection(ExtensibilityGlobals) = postSolution
		SolutionGuid = {30B29817-89B2-4CBF-8582-18748BB9DD6E}
	EndGlobalSection
EndGlobal
